
Microsoft Visual Studio Solution File, Format Version 12.00
# Visual Studio Version 16
VisualStudioVersion = 25.0.1706.8
MinimumVisualStudioVersion = 10.0.40219.1
Project("{FAE04EC0-301F-11D3-BF4B-00C04F79EFBC}") = "KafkaConsumer", "KafkaConsumer\KafkaConsumer.csproj", "{2EB2801A-04D0-4820-BB60-2A3AC37C8FCA}"
EndProject
Global
	GlobalSection(SolutionConfigurationPlatforms) = preSolution
		Debug|Any CPU = Debug|Any CPU
		Release|Any CPU = Release|Any CPU
	EndGlobalSection
	GlobalSection(ProjectConfigurationPlatforms) = postSolution
		{2EB2801A-04D0-4820-BB60-2A3AC37C8FCA}.Debug|Any CPU.ActiveCfg = Debug|Any CPU
		{2EB2801A-04D0-4820-BB60-2A3AC37C8FCA}.Debug|Any CPU.Build.0 = Debug|Any CPU
		{2EB2801A-04D0-4820-BB60-2A3AC37C8FCA}.Release|Any CPU.ActiveCfg = Release|Any CPU
		{2EB2801A-04D0-4820-BB60-2A3AC37C8FCA}.Release|Any CPU.Build.0 = Release|Any CPU
	EndGlobalSection
	GlobalSection(SolutionProperties) = preSolution
		HideSolutionNode = FALSE
	EndGlobalSection
	GlobalSection(ExtensibilityGlobals) = postSolution
		SolutionGuid = {90C09C8E-2A0E-4FF7-A5A9-152F7FCD1976}
	EndGlobalSection
EndGlobal
